
Microsoft Visual Studio Solution File, Format Version 12.00
# Visual Studio Version 17
VisualStudioVersion = 17.6.33829.357
MinimumVisualStudioVersion = 10.0.40219.1
Project("{9A19103F-16F7-4668-BE54-9A1E7A4F7556}") = "BlackHole.360.Api", "BlackHole.360.Api\BlackHole.360.Api.csproj", "{159C7F01-9A46-4ABF-906C-AFB1D7623BDF}"
EndProject
Project("{9A19103F-16F7-4668-BE54-9A1E7A4F7556}") = "BlackHole.360.Domain", "BlackHole.360.Domain\BlackHole.360.Domain.csproj", "{355C71E5-6110-436A-A59D-55D7F5A5B04D}"
EndProject
Project("{9A19103F-16F7-4668-BE54-9A1E7A4F7556}") = "BlackHole.360.DataAccess", "BlackHole.360.DataAccess\BlackHole.360.DataAccess.csproj", "{F2C5CB76-B5ED-4581-A881-4E6D970B80EC}"
EndProject
Project("{9A19103F-16F7-4668-BE54-9A1E7A4F7556}") = "BlackHole.360.Common", "BlackHole.360.Common\BlackHole.360.Common.csproj", "{75589334-D791-4E8C-92EC-2F2DD1CCEDD1}"
EndProject
Project("{9A19103F-16F7-4668-BE54-9A1E7A4F7556}") = "BlackHole.360.BusinessLogic", "BlackHole.360.BusinessLogic\BlackHole.360.BusinessLogic.csproj", "{DCB0D553-C60C-4259-A7AE-F0EFB781838B}"
EndProject
Project("{9A19103F-16F7-4668-BE54-9A1E7A4F7556}") = "BlackHole.360.Functions", "BlackHole.360.Functions\BlackHole.360.Functions.csproj", "{D20A0DA6-0F2B-4DF9-B758-0BD77CFA3057}"
EndProject
Project("{9A19103F-16F7-4668-BE54-9A1E7A4F7556}") = "BlackHole.360.Domain.Abstractions", "BlackHole.360.Domain.Abstractions\BlackHole.360.Domain.Abstractions.csproj", "{5EF4F57A-E43F-4E0C-9882-89CFF6908D3D}"
EndProject
Project("{9A19103F-16F7-4668-BE54-9A1E7A4F7556}") = "BlackHole.360.DataAccess.Abstractions", "BlackHole.360.DataAccess.Abstractions\BlackHole.360.DataAccess.Abstractions.csproj", "{6C8B190E-8FE9-41B8-8827-56D294F00CAD}"
EndProject
Global
	GlobalSection(SolutionConfigurationPlatforms) = preSolution
		Debug|Any CPU = Debug|Any CPU
		Release|Any CPU = Release|Any CPU
	EndGlobalSection
	GlobalSection(ProjectConfigurationPlatforms) = postSolution
		{159C7F01-9A46-4ABF-906C-AFB1D7623BDF}.Debug|Any CPU.ActiveCfg = Debug|Any CPU
		{159C7F01-9A46-4ABF-906C-AFB1D7623BDF}.Debug|Any CPU.Build.0 = Debug|Any CPU
		{159C7F01-9A46-4ABF-906C-AFB1D7623BDF}.Release|Any CPU.ActiveCfg = Release|Any CPU
		{159C7F01-9A46-4ABF-906C-AFB1D7623BDF}.Release|Any CPU.Build.0 = Release|Any CPU
		{355C71E5-6110-436A-A59D-55D7F5A5B04D}.Debug|Any CPU.ActiveCfg = Debug|Any CPU
		{355C71E5-6110-436A-A59D-55D7F5A5B04D}.Debug|Any CPU.Build.0 = Debug|Any CPU
		{355C71E5-6110-436A-A59D-55D7F5A5B04D}.Release|Any CPU.ActiveCfg = Release|Any CPU
		{355C71E5-6110-436A-A59D-55D7F5A5B04D}.Release|Any CPU.Build.0 = Release|Any CPU
		{F2C5CB76-B5ED-4581-A881-4E6D970B80EC}.Debug|Any CPU.ActiveCfg = Debug|Any CPU
		{F2C5CB76-B5ED-4581-A881-4E6D970B80EC}.Debug|Any CPU.Build.0 = Debug|Any CPU
		{F2C5CB76-B5ED-4581-A881-4E6D970B80EC}.Release|Any CPU.ActiveCfg = Release|Any CPU
		{F2C5CB76-B5ED-4581-A881-4E6D970B80EC}.Release|Any CPU.Build.0 = Release|Any CPU
		{75589334-D791-4E8C-92EC-2F2DD1CCEDD1}.Debug|Any CPU.ActiveCfg = Debug|Any CPU
		{75589334-D791-4E8C-92EC-2F2DD1CCEDD1}.Debug|Any CPU.Build.0 = Debug|Any CPU
		{75589334-D791-4E8C-92EC-2F2DD1CCEDD1}.Release|Any CPU.ActiveCfg = Release|Any CPU
		{75589334-D791-4E8C-92EC-2F2DD1CCEDD1}.Release|Any CPU.Build.0 = Release|Any CPU
		{DCB0D553-C60C-4259-A7AE-F0EFB781838B}.Debug|Any CPU.ActiveCfg = Debug|Any CPU
		{DCB0D553-C60C-4259-A7AE-F0EFB781838B}.Debug|Any CPU.Build.0 = Debug|Any CPU
		{DCB0D553-C60C-4259-A7AE-F0EFB781838B}.Release|Any CPU.ActiveCfg = Release|Any CPU
		{DCB0D553-C60C-4259-A7AE-F0EFB781838B}.Release|Any CPU.Build.0 = Release|Any CPU
		{D20A0DA6-0F2B-4DF9-B758-0BD77CFA3057}.Debug|Any CPU.ActiveCfg = Debug|Any CPU
		{D20A0DA6-0F2B-4DF9-B758-0BD77CFA3057}.Debug|Any CPU.Build.0 = Debug|Any CPU
		{D20A0DA6-0F2B-4DF9-B758-0BD77CFA3057}.Release|Any CPU.ActiveCfg = Release|Any CPU
		{D20A0DA6-0F2B-4DF9-B758-0BD77CFA3057}.Release|Any CPU.Build.0 = Release|Any CPU
		{5EF4F57A-E43F-4E0C-9882-89CFF6908D3D}.Debug|Any CPU.ActiveCfg = Debug|Any CPU
		{5EF4F57A-E43F-4E0C-9882-89CFF6908D3D}.Debug|Any CPU.Build.0 = Debug|Any CPU
		{5EF4F57A-E43F-4E0C-9882-89CFF6908D3D}.Release|Any CPU.ActiveCfg = Release|Any CPU
		{5EF4F57A-E43F-4E0C-9882-89CFF6908D3D}.Release|Any CPU.Build.0 = Release|Any CPU
		{6C8B190E-8FE9-41B8-8827-56D294F00CAD}.Debug|Any CPU.ActiveCfg = Debug|Any CPU
		{6C8B190E-8FE9-41B8-8827-56D294F00CAD}.Debug|Any CPU.Build.0 = Debug|Any CPU
		{6C8B190E-8FE9-41B8-8827-56D294F00CAD}.Release|Any CPU.ActiveCfg = Release|Any CPU
		{6C8B190E-8FE9-41B8-8827-56D294F00CAD}.Release|Any CPU.Build.0 = Release|Any CPU
	EndGlobalSection
	GlobalSection(SolutionProperties) = preSolution
		HideSolutionNode = FALSE
	EndGlobalSection
	GlobalSection(ExtensibilityGlobals) = postSolution
		SolutionGuid = {C1C0DD20-8B6C-4B19-AE03-3426EA8A5165}
	EndGlobalSection
EndGlobal
